Microsoft Visual Studio Solution File, Format Version 11.00
# Visual Studio 2008

Project("{0ED6588F-39BB-40B0-6D56-DF13BC645A82}") = "2D-Pepe-Game", "Assembly-CSharp.csproj", "{46A73564-C86B-1810-6E68-A1474B98F2C1}"
EndProject
Global
	GlobalSection(SolutionConfigurationPlatforms) = preSolution
		Debug|Any CPU = Debug|Any CPU
		Release|Any CPU = Release|Any CPU
	EndGlobalSection
	GlobalSection(ProjectConfigurationPlatforms) = postSolution
		{46A73564-C86B-1810-6E68-A1474B98F2C1}.Debug|Any CPU.ActiveCfg = Debug|Any CPU
		{46A73564-C86B-1810-6E68-A1474B98F2C1}.Debug|Any CPU.Build.0 = Debug|Any CPU
		{46A73564-C86B-1810-6E68-A1474B98F2C1}.Release|Any CPU.ActiveCfg = Release|Any CPU
		{46A73564-C86B-1810-6E68-A1474B98F2C1}.Release|Any CPU.Build.0 = Release|Any CPU
	EndGlobalSection
	GlobalSection(SolutionProperties) = preSolution
		HideSolutionNode = FALSE
	EndGlobalSection
	GlobalSection(MonoDevelopProperties) = preSolution
		StartupItem = Assembly-CSharp.csproj
	EndGlobalSection
EndGlobal
